core:changelogs:
  - content: "---\npackages:\n  npm:fumapress:\n    type: patch\n---\n\n## Support `renderBody` option\n\nOverride renderer/props for `<DocsBody />` component.\n"
    filename: 2026-07-11-mrghia77.md
    v: 0.0.0
  - content: "---\npackages:\n  npm:fumapress:\n    type: patch\n  npm:@fumapress/tegami:\n    type: patch\n---\n\n## Fix tegami files date parsing\n\nTegami plugin now use a separate adapter hook for date.\n"
    filename: 2026-07-11-mrgih2yl.md
    v: 0.0.0
core:packages:
  - id: npm:@fumapress/ai
    updated: true
  - changelogIds:
      - 2026-07-11-mrghia77.md
      - 2026-07-11-mrgih2yl.md
    id: npm:fumapress
    updated: true
  - id: npm:create-fumapress
    updated: true
  - id: npm:create-fumapress-versions
    updated: true
  - id: npm:@fumapress/feedback
    updated: true
  - id: npm:@fumapress/mintlify
    updated: true
  - id: npm:@fumapress/language
    updated: true
  - id: npm:@fumapress/sanity
    updated: true
  - changelogIds:
      - 2026-07-11-mrgih2yl.md
    id: npm:@fumapress/tegami
    updated: true
npm:packages:
  - id: npm:@fumapress/ai
  - id: npm:fumapress
  - id: npm:create-fumapress
  - id: npm:create-fumapress-versions
  - id: npm:@fumapress/feedback
  - id: npm:@fumapress/mintlify
  - id: npm:@fumapress/language
  - id: npm:@fumapress/sanity
  - id: npm:@fumapress/tegami
  - id: npm:docs
  - id: npm:example-sanity
  - id: npm:example-openapi
  - id: npm:example-minimal
  - id: npm:example-radix-ui
